// !$*UTF8*$!
{
	archiveVersion = 1;
	classes = {
	};
	objectVersion = 56;
	objects = {

/* Begin PBXBuildFile section */
		3DF748502AC606F00049E0A8 /* Mac_CANScanApp.swift in Sources */ = {isa = PBXBuildFile; fileRef = 3DF7484F2AC606F00049E0A8 /* Mac_CANScanApp.swift */; };
		3DF748522AC606F00049E0A8 /* ContentView.swift in Sources */ = {isa = PBXBuildFile; fileRef = 3DF748512AC606F00049E0A8 /* ContentView.swift */; };
		3DF748542AC606F20049E0A8 /* Assets.xcassets in Resources */ = {isa = PBXBuildFile; fileRef = 3DF748532AC606F20049E0A8 /* Assets.xcassets */; };
		3DF748572AC606F20049E0A8 /* Preview Assets.xcassets in Resources */ = {isa = PBXBuildFile; fileRef = 3DF748562AC606F20049E0A8 /* Preview Assets.xcassets */; };
		3DF748622AC606F20049E0A8 /* Mac_CANScanTests.swift in Sources */ = {isa = PBXBuildFile; fileRef = 3DF748612AC606F20049E0A8 /* Mac_CANScanTests.swift */; };
		3DF7486C2AC606F20049E0A8 /* Mac_CANScanUITests.swift in Sources */ = {isa = PBXBuildFile; fileRef = 3DF7486B2AC606F20049E0A8 /* Mac_CANScanUITests.swift */; };
		3DF7486E2AC606F20049E0A8 /* Mac_CANScanUITestsLaunchTests.swift in Sources */ = {isa = PBXBuildFile; fileRef = 3DF7486D2AC606F20049E0A8 /* Mac_CANScanUITestsLaunchTests.swift */; };
		3DF7487E2AC618C80049E0A8 /* CoreBluetooth.framework in Frameworks */ = {isa = PBXBuildFile; fileRef = 3DF7487D2AC618C80049E0A8 /* CoreBluetooth.framework */; };
		3DF748802AC6195F0049E0A8 /* BluetoothManager.swift in Sources */ = {isa = PBXBuildFile; fileRef = 3DF7487F2AC6195F0049E0A8 /* BluetoothManager.swift */; };
/* End PBXBuildFile section */

/* Begin PBXContainerItemProxy section */
		3DF7485E2AC606F20049E0A8 /* PBXContainerItemProxy */ = {
			isa = PBXContainerItemProxy;
			containerPortal = 3DF748442AC606F00049E0A8 /* Project object */;
			proxyType = 1;
			remoteGlobalIDString = 3DF7484B2AC606F00049E0A8;
			remoteInfo = "Mac CANScan";
		};
		3DF748682AC606F20049E0A8 /* PBXContainerItemProxy */ = {
			isa = PBXContainerItemProxy;
			containerPortal = 3DF748442AC606F00049E0A8 /* Project object */;
			proxyType = 1;
			remoteGlobalIDString = 3DF7484B2AC606F00049E0A8;
			remoteInfo = "Mac CANScan";
		};
/* End PBXContainerItemProxy section */

/* Begin PBXFileReference section */
		3DF7484C2AC606F00049E0A8 /* Mac CANScan.app */ = {isa = PBXFileReference; explicitFileType = wrapper.application; includeInIndex = 0; path = "Mac CANScan.app"; sourceTree = BUILT_PRODUCTS_DIR; };
		3DF7484F2AC606F00049E0A8 /* Mac_CANScanApp.swift */ = {isa = PBXFileReference; lastKnownFileType = sourcecode.swift; path = Mac_CANScanApp.swift; sourceTree = "<group>"; };
		3DF748512AC606F00049E0A8 /* ContentView.swift */ = {isa = PBXFileReference; lastKnownFileType = sourcecode.swift; path = ContentView.swift; sourceTree = "<group>"; };
		3DF748532AC606F20049E0A8 /* Assets.xcassets */ = {isa = PBXFileReference; lastKnownFileType = folder.assetcatalog; path = Assets.xcassets; sourceTree = "<group>"; };
		3DF748562AC606F20049E0A8 /* Preview Assets.xcassets */ = {isa = PBXFileReference; lastKnownFileType = folder.assetcatalog; path = "Preview Assets.xcassets"; sourceTree = "<group>"; };
		3DF748582AC606F20049E0A8 /* Mac_CANScan.entitlements */ = {isa = PBXFileReference; lastKnownFileType = text.plist.entitlements; path = Mac_CANScan.entitlements; sourceTree = "<group>"; };
		3DF7485D2AC606F20049E0A8 /* Mac CANScanTests.xctest */ = {isa = PBXFileReference; explicitFileType = wrapper.cfbundle; includeInIndex = 0; path = "Mac CANScanTests.xctest"; sourceTree = BUILT_PRODUCTS_DIR; };
		3DF748612AC606F20049E0A8 /* Mac_CANScanTests.swift */ = {isa = PBXFileReference; lastKnownFileType = sourcecode.swift; path = Mac_CANScanTests.swift; sourceTree = "<group>"; };
		3DF748672AC606F20049E0A8 /* Mac CANScanUITests.xctest */ = {isa = PBXFileReference; explicitFileType = wrapper.cfbundle; includeInIndex = 0; path = "Mac CANScanUITests.xctest"; sourceTree = BUILT_PRODUCTS_DIR; };
		3DF7486B2AC606F20049E0A8 /* Mac_CANScanUITests.swift */ = {isa = PBXFileReference; lastKnownFileType = sourcecode.swift; path = Mac_CANScanUITests.swift; sourceTree = "<group>"; };
		3DF7486D2AC606F20049E0A8 /* Mac_CANScanUITestsLaunchTests.swift */ = {isa = PBXFileReference; lastKnownFileType = sourcecode.swift; path = Mac_CANScanUITestsLaunchTests.swift; sourceTree = "<group>"; };
		3DF7487D2AC618C80049E0A8 /* CoreBluetooth.framework */ = {isa = PBXFileReference; lastKnownFileType = wrapper.framework; name = CoreBluetooth.framework; path = System/Library/Frameworks/CoreBluetooth.framework; sourceTree = SDKROOT; };
		3DF7487F2AC6195F0049E0A8 /* BluetoothManager.swift */ = {isa = PBXFileReference; lastKnownFileType = sourcecode.swift; path = BluetoothManager.swift; sourceTree = "<group>"; };
		3DF748812AC61ADA0049E0A8 /* Mac-CANScan-Info.plist */ = {isa = PBXFileReference; lastKnownFileType = text.plist; path = "Mac-CANScan-Info.plist"; sourceTree = SOURCE_ROOT; };
/* End PBXFileReference section */

/* Begin PBXFrameworksBuildPhase section */
		3DF748492AC606F00049E0A8 /* Frameworks */ = {
			isa = PBXFrameworksBuildPhase;
			buildActionMask = 2147483647;
			files = (
				3DF7487E2AC618C80049E0A8 /* CoreBluetooth.framework in Frameworks */,
			);
			runOnlyForDeploymentPostprocessing = 0;
		};
		3DF7485A2AC606F20049E0A8 /* Frameworks */ = {
			isa = PBXFrameworksBuildPhase;
			buildActionMask = 2147483647;
			files = (
			);
			runOnlyForDeploymentPostprocessing = 0;
		};
		3DF748642AC606F20049E0A8 /* Frameworks */ = {
			isa = PBXFrameworksBuildPhase;
			buildActionMask = 2147483647;
			files = (
			);
			runOnlyForDeploymentPostprocessing = 0;
		};
/* End PBXFrameworksBuildPhase section */

/* Begin PBXGroup section */
		3DF748432AC606F00049E0A8 = {
			isa = PBXGroup;
			children = (
				3DF7484E2AC606F00049E0A8 /* Mac CANScan */,
				3DF748602AC606F20049E0A8 /* Mac CANScanTests */,
				3DF7486A2AC606F20049E0A8 /* Mac CANScanUITests */,
				3DF7484D2AC606F00049E0A8 /* Products */,
				3DF7487C2AC618C80049E0A8 /* Frameworks */,
			);
			sourceTree = "<group>";
		};
		3DF7484D2AC606F00049E0A8 /* Products */ = {
			isa = PBXGroup;
			children = (
				3DF7484C2AC606F00049E0A8 /* Mac CANScan.app */,
				3DF7485D2AC606F20049E0A8 /* Mac CANScanTests.xctest */,
				3DF748672AC606F20049E0A8 /* Mac CANScanUITests.xctest */,
			);
			name = Products;
			sourceTree = "<group>";
		};
		3DF7484E2AC606F00049E0A8 /* Mac CANScan */ = {
			isa = PBXGroup;
			children = (
				3DF748812AC61ADA0049E0A8 /* Mac-CANScan-Info.plist */,
				3DF7484F2AC606F00049E0A8 /* Mac_CANScanApp.swift */,
				3DF748512AC606F00049E0A8 /* ContentView.swift */,
				3DF748532AC606F20049E0A8 /* Assets.xcassets */,
				3DF748582AC606F20049E0A8 /* Mac_CANScan.entitlements */,
				3DF748552AC606F20049E0A8 /* Preview Content */,
				3DF7487F2AC6195F0049E0A8 /* BluetoothManager.swift */,
			);
			path = "Mac CANScan";
			sourceTree = "<group>";
		};
		3DF748552AC606F20049E0A8 /* Preview Content */ = {
			isa = PBXGroup;
			children = (
				3DF748562AC606F20049E0A8 /* Preview Assets.xcassets */,
			);
			path = "Preview Content";
			sourceTree = "<group>";
		};
		3DF748602AC606F20049E0A8 /* Mac CANScanTests */ = {
			isa = PBXGroup;
			children = (
				3DF748612AC606F20049E0A8 /* Mac_CANScanTests.swift */,
			);
			path = "Mac CANScanTests";
			sourceTree = "<group>";
		};
		3DF7486A2AC606F20049E0A8 /* Mac CANScanUITests */ = {
			isa = PBXGroup;
			children = (
				3DF7486B2AC606F20049E0A8 /* Mac_CANScanUITests.swift */,
				3DF7486D2AC606F20049E0A8 /* Mac_CANScanUITestsLaunchTests.swift */,
			);
			path = "Mac CANScanUITests";
			sourceTree = "<group>";
		};
		3DF7487C2AC618C80049E0A8 /* Frameworks */ = {
			isa = PBXGroup;
			children = (
				3DF7487D2AC618C80049E0A8 /* CoreBluetooth.framework */,
			);
			name = Frameworks;
			sourceTree = "<group>";
		};
/* End PBXGroup section */

/* Begin PBXNativeTarget section */
		3DF7484B2AC606F00049E0A8 /* Mac CANScan */ = {
			isa = PBXNativeTarget;
			buildConfigurationList = 3DF748712AC606F20049E0A8 /* Build configuration list for PBXNativeTarget "Mac CANScan" */;
			buildPhases = (
				3DF748482AC606F00049E0A8 /* Sources */,
				3DF748492AC606F00049E0A8 /* Frameworks */,
				3DF7484A2AC606F00049E0A8 /* Resources */,
			);
			buildRules = (
			);
			dependencies = (
			);
			name = "Mac CANScan";
			productName = "Mac CANScan";
			productReference = 3DF7484C2AC606F00049E0A8 /* Mac CANScan.app */;
			productType = "com.apple.product-type.application";
		};
		3DF7485C2AC606F20049E0A8 /* Mac CANScanTests */ = {
			isa = PBXNativeTarget;
			buildConfigurationList = 3DF748742AC606F20049E0A8 /* Build configuration list for PBXNativeTarget "Mac CANScanTests" */;
			buildPhases = (
				3DF748592AC606F20049E0A8 /* Sources */,
				3DF7485A2AC606F20049E0A8 /* Frameworks */,
				3DF7485B2AC606F20049E0A8 /* Resources */,
			);
			buildRules = (
			);
			dependencies = (
				3DF7485F2AC606F20049E0A8 /* PBXTargetDependency */,
			);
			name = "Mac CANScanTests";
			productName = "Mac CANScanTests";
			productReference = 3DF7485D2AC606F20049E0A8 /* Mac CANScanTests.xctest */;
			productType = "com.apple.product-type.bundle.unit-test";
		};
		3DF748662AC606F20049E0A8 /* Mac CANScanUITests */ = {
			isa = PBXNativeTarget;
			buildConfigurationList = 3DF748772AC606F20049E0A8 /* Build configuration list for PBXNativeTarget "Mac CANScanUITests" */;
			buildPhases = (
				3DF748632AC606F20049E0A8 /* Sources */,
				3DF748642AC606F20049E0A8 /* Frameworks */,
				3DF748652AC606F20049E0A8 /* Resources */,
			);
			buildRules = (
			);
			dependencies = (
				3DF748692AC606F20049E0A8 /* PBXTargetDependency */,
			);
			name = "Mac CANScanUITests";
			productName = "Mac CANScanUITests";
			productReference = 3DF748672AC606F20049E0A8 /* Mac CANScanUITests.xctest */;
			productType = "com.apple.product-type.bundle.ui-testing";
		};
/* End PBXNativeTarget section */

/* Begin PBXProject section */
		3DF748442AC606F00049E0A8 /* Project object */ = {
			isa = PBXProject;
			attributes = {
				BuildIndependentTargetsInParallel = 1;
				LastSwiftUpdateCheck = 1500;
				LastUpgradeCheck = 1500;
				TargetAttributes = {
					3DF7484B2AC606F00049E0A8 = {
						CreatedOnToolsVersion = 15.0;
					};
					3DF7485C2AC606F20049E0A8 = {
						CreatedOnToolsVersion = 15.0;
						TestTargetID = 3DF7484B2AC606F00049E0A8;
					};
					3DF748662AC606F20049E0A8 = {
						CreatedOnToolsVersion = 15.0;
						TestTargetID = 3DF7484B2AC606F00049E0A8;
					};
				};
			};
			buildConfigurationList = 3DF748472AC606F00049E0A8 /* Build configuration list for PBXProject "Mac CANScan" */;
			compatibilityVersion = "Xcode 14.0";
			developmentRegion = en;
			hasScannedForEncodings = 0;
			knownRegions = (
				en,
				Base,
			);
			mainGroup = 3DF748432AC606F00049E0A8;
			productRefGroup = 3DF7484D2AC606F00049E0A8 /* Products */;
			projectDirPath = "";
			projectRoot = "";
			targets = (
				3DF7484B2AC606F00049E0A8 /* Mac CANScan */,
				3DF7485C2AC606F20049E0A8 /* Mac CANScanTests */,
				3DF748662AC606F20049E0A8 /* Mac CANScanUITests */,
			);
		};
/* End PBXProject section */

/* Begin PBXResourcesBuildPhase section */
		3DF7484A2AC606F00049E0A8 /* Resources */ = {
			isa = PBXResourcesBuildPhase;
			buildActionMask = 2147483647;
			files = (
				3DF748572AC606F20049E0A8 /* Preview Assets.xcassets in Resources */,
				3DF748542AC606F20049E0A8 /* Assets.xcassets in Resources */,
			);
			runOnlyForDeploymentPostprocessing = 0;
		};
		3DF7485B2AC606F20049E0A8 /* Resources */ = {
			isa = PBXResourcesBuildPhase;
			buildActionMask = 2147483647;
			files = (
			);
			runOnlyForDeploymentPostprocessing = 0;
		};
		3DF748652AC606F20049E0A8 /* Resources */ = {
			isa = PBXResourcesBuildPhase;
			buildActionMask = 2147483647;
			files = (
			);
			runOnlyForDeploymentPostprocessing = 0;
		};
/* End PBXResourcesBuildPhase section */

/* Begin PBXSourcesBuildPhase section */
		3DF748482AC606F00049E0A8 /* Sources */ = {
			isa = PBXSourcesBuildPhase;
			buildActionMask = 2147483647;
			files = (
				3DF748522AC606F00049E0A8 /* ContentView.swift in Sources */,
				3DF748802AC6195F0049E0A8 /* BluetoothManager.swift in Sources */,
				3DF748502AC606F00049E0A8 /* Mac_CANScanApp.swift in Sources */,
			);
			runOnlyForDeploymentPostprocessing = 0;
		};
		3DF748592AC606F20049E0A8 /* Sources */ = {
			isa = PBXSourcesBuildPhase;
			buildActionMask = 2147483647;
			files = (
				3DF748622AC606F20049E0A8 /* Mac_CANScanTests.swift in Sources */,
			);
			runOnlyForDeploymentPostprocessing = 0;
		};
		3DF748632AC606F20049E0A8 /* Sources */ = {
			isa = PBXSourcesBuildPhase;
			buildActionMask = 2147483647;
			files = (
				3DF7486E2AC606F20049E0A8 /* Mac_CANScanUITestsLaunchTests.swift in Sources */,
				3DF7486C2AC606F20049E0A8 /* Mac_CANScanUITests.swift in Sources */,
			);
			runOnlyForDeploymentPostprocessing = 0;
		};
/* End PBXSourcesBuildPhase section */

/* Begin PBXTargetDependency section */
		3DF7485F2AC606F20049E0A8 /* PBXTargetDependency */ = {
			isa = PBXTargetDependency;
			target = 3DF7484B2AC606F00049E0A8 /* Mac CANScan */;
			targetProxy = 3DF7485E2AC606F20049E0A8 /* PBXContainerItemProxy */;
		};
		3DF748692AC606F20049E0A8 /* PBXTargetDependency */ = {
			isa = PBXTargetDependency;
			target = 3DF7484B2AC606F00049E0A8 /* Mac CANScan */;
			targetProxy = 3DF748682AC606F20049E0A8 /* PBXContainerItemProxy */;
		};
/* End PBXTargetDependency section */

/* Begin XCBuildConfiguration section */
		3DF7486F2AC606F20049E0A8 /* Debug */ = {
			isa = XCBuildConfiguration;
			buildSettings = {
				ALWAYS_SEARCH_USER_PATHS = NO;
				ASSETCATALOG_COMPILER_GENERATE_SWIFT_ASSET_SYMBOL_EXTENSIONS = YES;
				CLANG_ANALYZER_NONNULL = YES;
				CLANG_ANALYZER_NUMBER_OBJECT_CONVERSION = YES_AGGRESSIVE;
				CLANG_CXX_LANGUAGE_STANDARD = "gnu++20";
				CLANG_ENABLE_MODULES = YES;
				CLANG_ENABLE_OBJC_ARC = YES;
				CLANG_ENABLE_OBJC_WEAK = YES;
				CLANG_WARN_BLOCK_CAPTURE_AUTORELEASING = YES;
				CLANG_WARN_BOOL_CONVERSION = YES;
				CLANG_WARN_COMMA = YES;
				CLANG_WARN_CONSTANT_CONVERSION = YES;
				CLANG_WARN_DEPRECATED_OBJC_IMPLEMENTATIONS = YES;
				CLANG_WARN_DIRECT_OBJC_ISA_USAGE = YES_ERROR;
				CLANG_WARN_DOCUMENTATION_COMMENTS = YES;
				CLANG_WARN_EMPTY_BODY = YES;
				CLANG_WARN_ENUM_CONVERSION = YES;
				CLANG_WARN_INFINITE_RECURSION = YES;
				CLANG_WARN_INT_CONVERSION = YES;
				CLANG_WARN_NON_LITERAL_NULL_CONVERSION = YES;
				CLANG_WARN_OBJC_IMPLICIT_RETAIN_SELF = YES;
				CLANG_WARN_OBJC_LITERAL_CONVERSION = YES;
				CLANG_WARN_OBJC_ROOT_CLASS = YES_ERROR;
				CLANG_WARN_QUOTED_INCLUDE_IN_FRAMEWORK_HEADER = YES;
				CLANG_WARN_RANGE_LOOP_ANALYSIS = YES;
				CLANG_WARN_STRICT_PROTOTYPES = YES;
				CLANG_WARN_SUSPICIOUS_MOVE = YES;
				CLANG_WARN_UNGUARDED_AVAILABILITY = YES_AGGRESSIVE;
				CLANG_WARN_UNREACHABLE_CODE = YES;
				CLANG_WARN__DUPLICATE_METHOD_MATCH = YES;
				COPY_PHASE_STRIP = NO;
				DEBUG_INFORMATION_FORMAT = dwarf;
				ENABLE_STRICT_OBJC_MSGSEND = YES;
				ENABLE_TESTABILITY = YES;
				ENABLE_USER_SCRIPT_SANDBOXING = YES;
				GCC_C_LANGUAGE_STANDARD = gnu17;
				GCC_DYNAMIC_NO_PIC = NO;
				GCC_NO_COMMON_BLOCKS = YES;
				GCC_OPTIMIZATION_LEVEL = 0;
				GCC_PREPROCESSOR_DEFINITIONS = (
					"DEBUG=1",
					"$(inherited)",
				);
				GCC_WARN_64_TO_32_BIT_CONVERSION = YES;
				GCC_WARN_ABOUT_RETURN_TYPE = YES_ERROR;
				GCC_WARN_UNDECLARED_SELECTOR = YES;
				GCC_WARN_UNINITIALIZED_AUTOS = YES_AGGRESSIVE;
				GCC_WARN_UNUSED_FUNCTION = YES;
				GCC_WARN_UNUSED_VARIABLE = YES;
				LOCALIZATION_PREFERS_STRING_CATALOGS = YES;
				MACOSX_DEPLOYMENT_TARGET = 14.0;
				MTL_ENABLE_DEBUG_INFO = INCLUDE_SOURCE;
				MTL_FAST_MATH = YES;
				ONLY_ACTIVE_ARCH = YES;
				SDKROOT = macosx;
				SWIFT_ACTIVE_COMPILATION_CONDITIONS = "DEBUG $(inherited)";
				SWIFT_OPTIMIZATION_LEVEL = "-Onone";
			};
			name = Debug;
		};
		3DF748702AC606F20049E0A8 /* Release */ = {
			isa = XCBuildConfiguration;
			buildSettings = {
				ALWAYS_SEARCH_USER_PATHS = NO;
				ASSETCATALOG_COMPILER_GENERATE_SWIFT_ASSET_SYMBOL_EXTENSIONS = YES;
				CLANG_ANALYZER_NONNULL = YES;
				CLANG_ANALYZER_NUMBER_OBJECT_CONVERSION = YES_AGGRESSIVE;
				CLANG_CXX_LANGUAGE_STANDARD = "gnu++20";
				CLANG_ENABLE_MODULES = YES;
				CLANG_ENABLE_OBJC_ARC = YES;
				CLANG_ENABLE_OBJC_WEAK = YES;
				CLANG_WARN_BLOCK_CAPTURE_AUTORELEASING = YES;
				CLANG_WARN_BOOL_CONVERSION = YES;
				CLANG_WARN_COMMA = YES;
				CLANG_WARN_CONSTANT_CONVERSION = YES;
				CLANG_WARN_DEPRECATED_OBJC_IMPLEMENTATIONS = YES;
				CLANG_WARN_DIRECT_OBJC_ISA_USAGE = YES_ERROR;
				CLANG_WARN_DOCUMENTATION_COMMENTS = YES;
				CLANG_WARN_EMPTY_BODY = YES;
				CLANG_WARN_ENUM_CONVERSION = YES;
				CLANG_WARN_INFINITE_RECURSION = YES;
				CLANG_WARN_INT_CONVERSION = YES;
				CLANG_WARN_NON_LITERAL_NULL_CONVERSION = YES;
				CLANG_WARN_OBJC_IMPLICIT_RETAIN_SELF = YES;
				CLANG_WARN_OBJC_LITERAL_CONVERSION = YES;
				CLANG_WARN_OBJC_ROOT_CLASS = YES_ERROR;
				CLANG_WARN_QUOTED_INCLUDE_IN_FRAMEWORK_HEADER = YES;
				CLANG_WARN_RANGE_LOOP_ANALYSIS = YES;
				CLANG_WARN_STRICT_PROTOTYPES = YES;
				CLANG_WARN_SUSPICIOUS_MOVE = YES;
				CLANG_WARN_UNGUARDED_AVAILABILITY = YES_AGGRESSIVE;
				CLANG_WARN_UNREACHABLE_CODE = YES;
				CLANG_WARN__DUPLICATE_METHOD_MATCH = YES;
				COPY_PHASE_STRIP = NO;
				DEBUG_INFORMATION_FORMAT = "dwarf-with-dsym";
				ENABLE_NS_ASSERTIONS = NO;
				ENABLE_STRICT_OBJC_MSGSEND = YES;
				ENABLE_USER_SCRIPT_SANDBOXING = YES;
				GCC_C_LANGUAGE_STANDARD = gnu17;
				GCC_NO_COMMON_BLOCKS = YES;
				GCC_WARN_64_TO_32_BIT_CONVERSION = YES;
				GCC_WARN_ABOUT_RETURN_TYPE = YES_ERROR;
				GCC_WARN_UNDECLARED_SELECTOR = YES;
				GCC_WARN_UNINITIALIZED_AUTOS = YES_AGGRESSIVE;
				GCC_WARN_UNUSED_FUNCTION = YES;
				GCC_WARN_UNUSED_VARIABLE = YES;
				LOCALIZATION_PREFERS_STRING_CATALOGS = YES;
				MACOSX_DEPLOYMENT_TARGET = 14.0;
				MTL_ENABLE_DEBUG_INFO = NO;
				MTL_FAST_MATH = YES;
				SDKROOT = macosx;
				SWIFT_COMPILATION_MODE = wholemodule;
			};
			name = Release;
		};
		3DF748722AC606F20049E0A8 /* Debug */ = {
			isa = XCBuildConfiguration;
			buildSettings = {
				ASSETCATALOG_COMPILER_APPICON_NAME = AppIcon;
				ASSETCATALOG_COMPILER_GLOBAL_ACCENT_COLOR_NAME = AccentColor;
				CODE_SIGN_ENTITLEMENTS = "Mac CANScan/Mac_CANScan.entitlements";
				"CODE_SIGN_IDENTITY[sdk=macosx*]" = "Apple Development";
				CODE_SIGN_STYLE = Automatic;
				COMBINE_HIDPI_IMAGES = YES;
				CURRENT_PROJECT_VERSION = 1;
				DEVELOPMENT_ASSET_PATHS = "\"Mac CANScan/Preview Content\"";
				DEVELOPMENT_TEAM = ZJRYMA4BS8;
				ENABLE_HARDENED_RUNTIME = YES;
				ENABLE_PREVIEWS = YES;
				GENERATE_INFOPLIST_FILE = YES;
				INFOPLIST_FILE = "Mac-CANScan-Info.plist";
				INFOPLIST_KEY_NSBluetoothAlwaysUsageDescription = "Access to view bluetooth devices";
				INFOPLIST_KEY_NSHumanReadableCopyright = "";
				LD_RUNPATH_SEARCH_PATHS = (
					"$(inherited)",
					"@executable_path/../Frameworks",
				);
				MARKETING_VERSION = 1.0;
				PRODUCT_BUNDLE_IDENTIFIER = "weirtz.Mac-CANScan";
				PRODUCT_NAME = "$(TARGET_NAME)";
				SWIFT_EMIT_LOC_STRINGS = YES;
				SWIFT_VERSION = 5.0;
			};
			name = Debug;
		};
		3DF748732AC606F20049E0A8 /* Release */ = {
			isa = XCBuildConfiguration;
			buildSettings = {
				ASSETCATALOG_COMPILER_APPICON_NAME = AppIcon;
				ASSETCATALOG_COMPILER_GLOBAL_ACCENT_COLOR_NAME = AccentColor;
				CODE_SIGN_ENTITLEMENTS = "Mac CANScan/Mac_CANScan.entitlements";
				"CODE_SIGN_IDENTITY[sdk=macosx*]" = "Apple Development";
				CODE_SIGN_STYLE = Automatic;
				COMBINE_HIDPI_IMAGES = YES;
				CURRENT_PROJECT_VERSION = 1;
				DEVELOPMENT_ASSET_PATHS = "\"Mac CANScan/Preview Content\"";
				DEVELOPMENT_TEAM = ZJRYMA4BS8;
				ENABLE_HARDENED_RUNTIME = YES;
				ENABLE_PREVIEWS = YES;
				GENERATE_INFOPLIST_FILE = YES;
				INFOPLIST_FILE = "Mac-CANScan-Info.plist";
				INFOPLIST_KEY_NSBluetoothAlwaysUsageDescription = "Access to view bluetooth devices";
				INFOPLIST_KEY_NSHumanReadableCopyright = "";
				LD_RUNPATH_SEARCH_PATHS = (
					"$(inherited)",
					"@executable_path/../Frameworks",
				);
				MARKETING_VERSION = 1.0;
				PRODUCT_BUNDLE_IDENTIFIER = "weirtz.Mac-CANScan";
				PRODUCT_NAME = "$(TARGET_NAME)";
				SWIFT_EMIT_LOC_STRINGS = YES;
				SWIFT_VERSION = 5.0;
			};
			name = Release;
		};
		3DF748752AC606F20049E0A8 /* Debug */ = {
			isa = XCBuildConfiguration;
			buildSettings = {
				ALWAYS_EMBED_SWIFT_STANDARD_LIBRARIES = YES;
				BUNDLE_LOADER = "$(TEST_HOST)";
				CODE_SIGN_STYLE = Automatic;
				CURRENT_PROJECT_VERSION = 1;
				DEVELOPMENT_TEAM = ZJRYMA4BS8;
				GENERATE_INFOPLIST_FILE = YES;
				MACOSX_DEPLOYMENT_TARGET = 14.0;
				MARKETING_VERSION = 1.0;
				PRODUCT_BUNDLE_IDENTIFIER = "weirtz.Mac-CANScanTests";
				PRODUCT_NAME = "$(TARGET_NAME)";
				SWIFT_EMIT_LOC_STRINGS = NO;
				SWIFT_VERSION = 5.0;
				TEST_HOST = "$(BUILT_PRODUCTS_DIR)/Mac CANScan.app/$(BUNDLE_EXECUTABLE_FOLDER_PATH)/Mac CANScan";
			};
			name = Debug;
		};
		3DF748762AC606F20049E0A8 /* Release */ = {
			isa = XCBuildConfiguration;
			buildSettings = {
				ALWAYS_EMBED_SWIFT_STANDARD_LIBRARIES = YES;
				BUNDLE_LOADER = "$(TEST_HOST)";
				CODE_SIGN_STYLE = Automatic;
				CURRENT_PROJECT_VERSION = 1;
				DEVELOPMENT_TEAM = ZJRYMA4BS8;
				GENERATE_INFOPLIST_FILE = YES;
				MACOSX_DEPLOYMENT_TARGET = 14.0;
				MARKETING_VERSION = 1.0;
				PRODUCT_BUNDLE_IDENTIFIER = "weirtz.Mac-CANScanTests";
				PRODUCT_NAME = "$(TARGET_NAME)";
				SWIFT_EMIT_LOC_STRINGS = NO;
				SWIFT_VERSION = 5.0;
				TEST_HOST = "$(BUILT_PRODUCTS_DIR)/Mac CANScan.app/$(BUNDLE_EXECUTABLE_FOLDER_PATH)/Mac CANScan";
			};
			name = Release;
		};
		3DF748782AC606F20049E0A8 /* Debug */ = {
			isa = XCBuildConfiguration;
			buildSettings = {
				ALWAYS_EMBED_SWIFT_STANDARD_LIBRARIES = YES;
				CODE_SIGN_STYLE = Automatic;
				CURRENT_PROJECT_VERSION = 1;
				DEVELOPMENT_TEAM = ZJRYMA4BS8;
				GENERATE_INFOPLIST_FILE = YES;
				MARKETING_VERSION = 1.0;
				PRODUCT_BUNDLE_IDENTIFIER = "weirtz.Mac-CANScanUITests";
				PRODUCT_NAME = "$(TARGET_NAME)";
				SWIFT_EMIT_LOC_STRINGS = NO;
				SWIFT_VERSION = 5.0;
				TEST_TARGET_NAME = "Mac CANScan";
			};
			name = Debug;
		};
		3DF748792AC606F20049E0A8 /* Release */ = {
			isa = XCBuildConfiguration;
			buildSettings = {
				ALWAYS_EMBED_SWIFT_STANDARD_LIBRARIES = YES;
				CODE_SIGN_STYLE = Automatic;
				CURRENT_PROJECT_VERSION = 1;
				DEVELOPMENT_TEAM = ZJRYMA4BS8;
				GENERATE_INFOPLIST_FILE = YES;
				MARKETING_VERSION = 1.0;
				PRODUCT_BUNDLE_IDENTIFIER = "weirtz.Mac-CANScanUITests";
				PRODUCT_NAME = "$(TARGET_NAME)";
				SWIFT_EMIT_LOC_STRINGS = NO;
				SWIFT_VERSION = 5.0;
				TEST_TARGET_NAME = "Mac CANScan";
			};
			name = Release;
		};
/* End XCBuildConfiguration section */

/* Begin XCConfigurationList section */
		3DF748472AC606F00049E0A8 /* Build configuration list for PBXProject "Mac CANScan" */ = {
			isa = XCConfigurationList;
			buildConfigurations = (
				3DF7486F2AC606F20049E0A8 /* Debug */,
				3DF748702AC606F20049E0A8 /* Release */,
			);
			defaultConfigurationIsVisible = 0;
			defaultConfigurationName = Release;
		};
		3DF748712AC606F20049E0A8 /* Build configuration list for PBXNativeTarget "Mac CANScan" */ = {
			isa = XCConfigurationList;
			buildConfigurations = (
				3DF748722AC606F20049E0A8 /* Debug */,
				3DF748732AC606F20049E0A8 /* Release */,
			);
			defaultConfigurationIsVisible = 0;
			defaultConfigurationName = Release;
		};
		3DF748742AC606F20049E0A8 /* Build configuration list for PBXNativeTarget "Mac CANScanTests" */ = {
			isa = XCConfigurationList;
			buildConfigurations = (
				3DF748752AC606F20049E0A8 /* Debug */,
				3DF748762AC606F20049E0A8 /* Release */,
			);
			defaultConfigurationIsVisible = 0;
			defaultConfigurationName = Release;
		};
		3DF748772AC606F20049E0A8 /* Build configuration list for PBXNativeTarget "Mac CANScanUITests" */ = {
			isa = XCConfigurationList;
			buildConfigurations = (
				3DF748782AC606F20049E0A8 /* Debug */,
				3DF748792AC606F20049E0A8 /* Release */,
			);
			defaultConfigurationIsVisible = 0;
			defaultConfigurationName = Release;
		};
/* End XCConfigurationList section */
	};
	rootObject = 3DF748442AC606F00049E0A8 /* Project object */;
}
